
Microsoft Visual Studio Solution File, Format Version 12.00
# Visual Studio Version 16
VisualStudioVersion = 16.0.32002.261
MinimumVisualStudioVersion = 10.0.40219.1
Project("{FAE04EC0-301F-11D3-BF4B-00C04F79EFBC}") = "212251", "212251\212251.csproj", "{8B8B6C3C-B856-4208-AE50-6E77C5020ADE}"
EndProject
Project("{FAE04EC0-301F-11D3-BF4B-00C04F79EFBC}") = "212252", "212252\212252.csproj", "{F39820D0-3BDD-465D-946B-0838A945937C}"
EndProject
Global
	GlobalSection(SolutionConfigurationPlatforms) = preSolution
		Debug|Any CPU = Debug|Any CPU
		Release|Any CPU = Release|Any CPU
	EndGlobalSection
	GlobalSection(ProjectConfigurationPlatforms) = postSolution
		{8B8B6C3C-B856-4208-AE50-6E77C5020ADE}.Debug|Any CPU.ActiveCfg = Debug|Any CPU
		{8B8B6C3C-B856-4208-AE50-6E77C5020ADE}.Debug|Any CPU.Build.0 = Debug|Any CPU
		{8B8B6C3C-B856-4208-AE50-6E77C5020ADE}.Release|Any CPU.ActiveCfg = Release|Any CPU
		{8B8B6C3C-B856-4208-AE50-6E77C5020ADE}.Release|Any CPU.Build.0 = Release|Any CPU
		{F39820D0-3BDD-465D-946B-0838A945937C}.Debug|Any CPU.ActiveCfg = Debug|Any CPU
		{F39820D0-3BDD-465D-946B-0838A945937C}.Debug|Any CPU.Build.0 = Debug|Any CPU
		{F39820D0-3BDD-465D-946B-0838A945937C}.Release|Any CPU.ActiveCfg = Release|Any CPU
		{F39820D0-3BDD-465D-946B-0838A945937C}.Release|Any CPU.Build.0 = Release|Any CPU
	EndGlobalSection
	GlobalSection(SolutionProperties) = preSolution
		HideSolutionNode = FALSE
	EndGlobalSection
	GlobalSection(ExtensibilityGlobals) = postSolution
		SolutionGuid = {394B7A31-D043-43CB-9203-7EF7C8B5CC32}
	EndGlobalSection
EndGlobal
